schema: '2.0'
stages:
  train:
    cmd: python3 train.py
    deps:
    - path: data/winequality-red.csv
      hash: md5
      md5: 0b8c6dd13fdda2ffe8c2ea2891a1d60c
      size: 91998
    - path: train.py
      hash: md5
      md5: 1a7eca73446e6ddd8980109a951d0b5b
      size: 3587
    outs:
    - path: metrics.csv
      hash: md5
      md5: e763781238f4aa4db4573e53b003852e
      size: 46
    - path: models/model.joblib
      hash: md5
      md5: 92a271ab5a2981f8a6532a96ba927be6
      size: 34312273
