schema: '2.0'
stages:
  train:
    cmd: python3 train.py
    deps:
    - path: data/winequality-red.csv
      hash: md5
      md5: 3039f90bec5fe0d4d7aaee502ae2b07b
      size: 91998
    - path: train.py
      hash: md5
      md5: 175835ca849a40472e5d4dee51d2f7e3
      size: 3586
    outs:
    - path: metrics.csv
      hash: md5
      md5: 3ff57088744c51543d4de8029abab56c
      size: 53
    - path: models/model.joblib
      hash: md5
      md5: 8d1c6a724a4363ff7cef515111f26339
      size: 3434497
