schema: '2.0'
stages:
  train:
    cmd: python3 train.py
    deps:
    - path: data/winequality-red.csv
      hash: md5
      md5: 0b8c6dd13fdda2ffe8c2ea2891a1d60c
      size: 91998
    - path: train.py
      hash: md5
      md5: c9f229d49dcf3967361b4d3386b3549b
      size: 3585
    outs:
    - path: metrics.csv
      hash: md5
      md5: a086d8111c283421a2f5c86169315bb4
      size: 44
    - path: models/model.joblib
      hash: md5
      md5: 90f51f6b611636dca4e44c091c988a0a
      size: 352177
